
Microsoft Visual Studio Solution File, Format Version 12.00
# Visual Studio Version 16
VisualStudioVersion = 16.0.32002.261
MinimumVisualStudioVersion = 10.0.40219.1
Project("{FAE04EC0-301F-11D3-BF4B-00C04F79EFBC}") = "Mission-3-Assignment", "Mission-3-Assignment\Mission-3-Assignment.csproj", "{20966CD4-7E71-4077-8571-79F3A135D04D}"
EndProject
Global
	GlobalSection(SolutionConfigurationPlatforms) = preSolution
		Debug|Any CPU = Debug|Any CPU
		Release|Any CPU = Release|Any CPU
	EndGlobalSection
	GlobalSection(ProjectConfigurationPlatforms) = postSolution
		{20966CD4-7E71-4077-8571-79F3A135D04D}.Debug|Any CPU.ActiveCfg = Debug|Any CPU
		{20966CD4-7E71-4077-8571-79F3A135D04D}.Debug|Any CPU.Build.0 = Debug|Any CPU
		{20966CD4-7E71-4077-8571-79F3A135D04D}.Release|Any CPU.ActiveCfg = Release|Any CPU
		{20966CD4-7E71-4077-8571-79F3A135D04D}.Release|Any CPU.Build.0 = Release|Any CPU
	EndGlobalSection
	GlobalSection(SolutionProperties) = preSolution
		HideSolutionNode = FALSE
	EndGlobalSection
	GlobalSection(ExtensibilityGlobals) = postSolution
		SolutionGuid = {62924533-FE55-47D7-B891-104CBB0105BD}
	EndGlobalSection
EndGlobal
